{
  "name": "Event_Management_system",
  "lockfileVersion": 3,
  "requires": true,
  "packages": {
    "": {
      "dependencies": {
        "appwrite": "^18.1.1",
        "dotenv": "^17.0.0"
      }
    },
    "node_modules/appwrite": {
      "version": "18.1.1",
      "resolved": "https://registry.npmjs.org/appwrite/-/appwrite-18.1.1.tgz",
      "integrity": "sha512-krwHjuwJcF+9Ig2+nqOEKMA/5kPIFhwwZsaLc7Gb8y2oP6EnG4ZMRPeHTFscdevOtVQj2Ax92cYYWAEvzlrc7A==",
      "license": "BSD-3-Clause"
    },
    "node_modules/dotenv": {
      "version": "17.0.0",
      "resolved": "https://registry.npmjs.org/dotenv/-/dotenv-17.0.0.tgz",
      "integrity": "sha512-A0BJ5lrpJVSfnMMXjmeO0xUnoxqsBHWCoqqTnGwGYVdnctqXXUEhJOO7LxmgxJon9tEZFGpe0xPRX0h2v3AANQ==",
      "license": "BSD-2-Clause",
      "engines": {
        "node": ">=12"
      },
      "funding": {
        "url": "https://dotenvx.com"
      }
    }
  }
}
